
Microsoft Visual Studio Solution File, Format Version 12.00
# Visual Studio Version 17
VisualStudioVersion = 17.5.33530.505
MinimumVisualStudioVersion = 10.0.40219.1
Project("{FAE04EC0-301F-11D3-BF4B-00C04F79EFBC}") = "Inferno", "Inferno.csproj", "{73227E52-3CC3-424C-BB6B-C8982407ED41}"
EndProject
Global
	GlobalSection(SolutionConfigurationPlatforms) = preSolution
		Debug|Any CPU = Debug|Any CPU
		Release|Any CPU = Release|Any CPU
	EndGlobalSection
	GlobalSection(ProjectConfigurationPlatforms) = postSolution
		{73227E52-3CC3-424C-BB6B-C8982407ED41}.Debug|Any CPU.ActiveCfg = Debug|Any CPU
		{73227E52-3CC3-424C-BB6B-C8982407ED41}.Debug|Any CPU.Build.0 = Debug|Any CPU
		{73227E52-3CC3-424C-BB6B-C8982407ED41}.Release|Any CPU.ActiveCfg = Release|Any CPU
		{73227E52-3CC3-424C-BB6B-C8982407ED41}.Release|Any CPU.Build.0 = Release|Any CPU
	EndGlobalSection
	GlobalSection(SolutionProperties) = preSolution
		HideSolutionNode = FALSE
	EndGlobalSection
	GlobalSection(ExtensibilityGlobals) = postSolution
		SolutionGuid = {DF56A9C5-305A-449F-A9EB-ECC0B3BBEE8B}
	EndGlobalSection
EndGlobal
